
Microsoft Visual Studio Solution File, Format Version 12.00
# Visual Studio Version 16
VisualStudioVersion = 16.0.29613.14
MinimumVisualStudioVersion = 10.0.40219.1
Project("{FAE04EC0-301F-11D3-BF4B-00C04F79EFBC}") = "RvDProject", "RvDProject\RvDProject.csproj", "{17BBB752-FE2A-497E-ADCE-7106189C6CE0}"
EndProject
Global
	GlobalSection(SolutionConfigurationPlatforms) = preSolution
		Debug|Any CPU = Debug|Any CPU
		Release|Any CPU = Release|Any CPU
	EndGlobalSection
	GlobalSection(ProjectConfigurationPlatforms) = postSolution
		{17BBB752-FE2A-497E-ADCE-7106189C6CE0}.Debug|Any CPU.ActiveCfg = Debug|Any CPU
		{17BBB752-FE2A-497E-ADCE-7106189C6CE0}.Debug|Any CPU.Build.0 = Debug|Any CPU
		{17BBB752-FE2A-497E-ADCE-7106189C6CE0}.Release|Any CPU.ActiveCfg = Release|Any CPU
		{17BBB752-FE2A-497E-ADCE-7106189C6CE0}.Release|Any CPU.Build.0 = Release|Any CPU
	EndGlobalSection
	GlobalSection(SolutionProperties) = preSolution
		HideSolutionNode = FALSE
	EndGlobalSection
	GlobalSection(ExtensibilityGlobals) = postSolution
		SolutionGuid = {3929C3C9-B2C8-40F5-915F-A9BDCB332BAE}
	EndGlobalSection
EndGlobal
